// !$*UTF8*$!
{
	archiveVersion = 1;
	classes = {
	};
	objectVersion = 48;
	objects = {

/* Begin PBXBuildFile section */
		A42C78A61F8F5736006785F3 /* AppDelegate.swift in Sources */ = {isa = PBXBuildFile; fileRef = A42C78A51F8F5736006785F3 /* AppDelegate.swift */; };
		A42C78A81F8F5736006785F3 /* ViewController.swift in Sources */ = {isa = PBXBuildFile; fileRef = A42C78A71F8F5736006785F3 /* ViewController.swift */; };
		A42C78AB1F8F5736006785F3 /* Main.storyboard in Resources */ = {isa = PBXBuildFile; fileRef = A42C78A91F8F5736006785F3 /* Main.storyboard */; };
		A42C78AD1F8F5736006785F3 /* Assets.xcassets in Resources */ = {isa = PBXBuildFile; fileRef = A42C78AC1F8F5736006785F3 /* Assets.xcassets */; };
		A42C78B01F8F5736006785F3 /* LaunchScreen.storyboard in Resources */ = {isa = PBXBuildFile; fileRef = A42C78AE1F8F5736006785F3 /* LaunchScreen.storyboard */; };
		A42C78BB1F8F5736006785F3 /* ProtocolCodingDemoTests.swift in Sources */ = {isa = PBXBuildFile; fileRef = A42C78BA1F8F5736006785F3 /* ProtocolCodingDemoTests.swift */; };
		A42C78C61F8F5736006785F3 /* ProtocolCodingDemoUITests.swift in Sources */ = {isa = PBXBuildFile; fileRef = A42C78C51F8F5736006785F3 /* ProtocolCodingDemoUITests.swift */; };
		A4D5F6EF1F9066CE00CDABAE /* NormalViewController.swift in Sources */ = {isa = PBXBuildFile; fileRef = A4D5F6EE1F9066CE00CDABAE /* NormalViewController.swift */; };
		A4D5F6F11F9066DB00CDABAE /* CollectViewController.swift in Sources */ = {isa = PBXBuildFile; fileRef = A4D5F6F01F9066DB00CDABAE /* CollectViewController.swift */; };
		A4D5F6F31F9066E900CDABAE /* HeaderMixViewController.swift in Sources */ = {isa = PBXBuildFile; fileRef = A4D5F6F21F9066E900CDABAE /* HeaderMixViewController.swift */; };
		A4D5F6F51F90674200CDABAE /* NormalTableViewCell.swift in Sources */ = {isa = PBXBuildFile; fileRef = A4D5F6F41F90674200CDABAE /* NormalTableViewCell.swift */; };
		A4D5F6F91F90695B00CDABAE /* HeaderTableViewCell.swift in Sources */ = {isa = PBXBuildFile; fileRef = A4D5F6F81F90695B00CDABAE /* HeaderTableViewCell.swift */; };
		A4D5F6FB1F90698300CDABAE /* ThirdNormalTableViewCell.swift in Sources */ = {isa = PBXBuildFile; fileRef = A4D5F6FA1F90698300CDABAE /* ThirdNormalTableViewCell.swift */; };
		A4D5F6FD1F906A9600CDABAE /* CollectViewCell.swift in Sources */ = {isa = PBXBuildFile; fileRef = A4D5F6FC1F906A9600CDABAE /* CollectViewCell.swift */; };
		A4D5F6FF1F906F2800CDABAE /* globalModel.swift in Sources */ = {isa = PBXBuildFile; fileRef = A4D5F6FE1F906F2800CDABAE /* globalModel.swift */; };
		A4D5F7011F908C9B00CDABAE /* dataSource.swift in Sources */ = {isa = PBXBuildFile; fileRef = A4D5F7001F908C9B00CDABAE /* dataSource.swift */; };
		A4D5F7031F908EF200CDABAE /* FistDemoModel.swift in Sources */ = {isa = PBXBuildFile; fileRef = A4D5F7021F908EF200CDABAE /* FistDemoModel.swift */; };
		A4D5F7061F90950900CDABAE /* protocols.swift in Sources */ = {isa = PBXBuildFile; fileRef = A4D5F7051F90950900CDABAE /* protocols.swift */; };
/* End PBXBuildFile section */

/* Begin PBXContainerItemProxy section */
		A42C78B71F8F5736006785F3 /* PBXContainerItemProxy */ = {
			isa = PBXContainerItemProxy;
			containerPortal = A42C789A1F8F5736006785F3 /* Project object */;
			proxyType = 1;
			remoteGlobalIDString = A42C78A11F8F5736006785F3;
			remoteInfo = ProtocolCodingDemo;
		};
		A42C78C21F8F5736006785F3 /* PBXContainerItemProxy */ = {
			isa = PBXContainerItemProxy;
			containerPortal = A42C789A1F8F5736006785F3 /* Project object */;
			proxyType = 1;
			remoteGlobalIDString = A42C78A11F8F5736006785F3;
			remoteInfo = ProtocolCodingDemo;
		};
/* End PBXContainerItemProxy section */

/* Begin PBXFileReference section */
		A42C78A21F8F5736006785F3 /* ProtocolCodingDemo.app */ = {isa = PBXFileReference; explicitFileType = wrapper.application; includeInIndex = 0; path = ProtocolCodingDemo.app; sourceTree = BUILT_PRODUCTS_DIR; };
		A42C78A51F8F5736006785F3 /* AppDelegate.swift */ = {isa = PBXFileReference; lastKnownFileType = sourcecode.swift; path = AppDelegate.swift; sourceTree = "<group>"; };
		A42C78A71F8F5736006785F3 /* ViewController.swift */ = {isa = PBXFileReference; lastKnownFileType = sourcecode.swift; path = ViewController.swift; sourceTree = "<group>"; };
		A42C78AA1F8F5736006785F3 /* Base */ = {isa = PBXFileReference; lastKnownFileType = file.storyboard; name = Base; path = Base.lproj/Main.storyboard; sourceTree = "<group>"; };
		A42C78AC1F8F5736006785F3 /* Assets.xcassets */ = {isa = PBXFileReference; lastKnownFileType = folder.assetcatalog; path = Assets.xcassets; sourceTree = "<group>"; };
		A42C78AF1F8F5736006785F3 /* Base */ = {isa = PBXFileReference; lastKnownFileType = file.storyboard; name = Base; path = Base.lproj/LaunchScreen.storyboard; sourceTree = "<group>"; };
		A42C78B11F8F5736006785F3 /* Info.plist */ = {isa = PBXFileReference; lastKnownFileType = text.plist.xml; path = Info.plist; sourceTree = "<group>"; };
		A42C78B61F8F5736006785F3 /* ProtocolCodingDemoTests.xctest */ = {isa = PBXFileReference; explicitFileType = wrapper.cfbundle; includeInIndex = 0; path = ProtocolCodingDemoTests.xctest; sourceTree = BUILT_PRODUCTS_DIR; };
		A42C78BA1F8F5736006785F3 /* ProtocolCodingDemoTests.swift */ = {isa = PBXFileReference; lastKnownFileType = sourcecode.swift; path = ProtocolCodingDemoTests.swift; sourceTree = "<group>"; };
		A42C78BC1F8F5736006785F3 /* Info.plist */ = {isa = PBXFileReference; lastKnownFileType = text.plist.xml; path = Info.plist; sourceTree = "<group>"; };
		A42C78C11F8F5736006785F3 /* ProtocolCodingDemoUITests.xctest */ = {isa = PBXFileReference; explicitFileType = wrapper.cfbundle; includeInIndex = 0; path = ProtocolCodingDemoUITests.xctest; sourceTree = BUILT_PRODUCTS_DIR; };
		A42C78C51F8F5736006785F3 /* ProtocolCodingDemoUITests.swift */ = {isa = PBXFileReference; lastKnownFileType = sourcecode.swift; path = ProtocolCodingDemoUITests.swift; sourceTree = "<group>"; };
		A42C78C71F8F5736006785F3 /* Info.plist */ = {isa = PBXFileReference; lastKnownFileType = text.plist.xml; path = Info.plist; sourceTree = "<group>"; };
		A4D5F6EE1F9066CE00CDABAE /* NormalViewController.swift */ = {isa = PBXFileReference; lastKnownFileType = sourcecode.swift; path = NormalViewController.swift; sourceTree = "<group>"; };
		A4D5F6F01F9066DB00CDABAE /* CollectViewController.swift */ = {isa = PBXFileReference; lastKnownFileType = sourcecode.swift; path = CollectViewController.swift; sourceTree = "<group>"; };
		A4D5F6F21F9066E900CDABAE /* HeaderMixViewController.swift */ = {isa = PBXFileReference; lastKnownFileType = sourcecode.swift; path = HeaderMixViewController.swift; sourceTree = "<group>"; };
		A4D5F6F41F90674200CDABAE /* NormalTableViewCell.swift */ = {isa = PBXFileReference; lastKnownFileType = sourcecode.swift; path = NormalTableViewCell.swift; sourceTree = "<group>"; };
		A4D5F6F81F90695B00CDABAE /* HeaderTableViewCell.swift */ = {isa = PBXFileReference; lastKnownFileType = sourcecode.swift; path = HeaderTableViewCell.swift; sourceTree = "<group>"; };
		A4D5F6FA1F90698300CDABAE /* ThirdNormalTableViewCell.swift */ = {isa = PBXFileReference; lastKnownFileType = sourcecode.swift; path = ThirdNormalTableViewCell.swift; sourceTree = "<group>"; };
		A4D5F6FC1F906A9600CDABAE /* CollectViewCell.swift */ = {isa = PBXFileReference; lastKnownFileType = sourcecode.swift; path = CollectViewCell.swift; sourceTree = "<group>"; };
		A4D5F6FE1F906F2800CDABAE /* globalModel.swift */ = {isa = PBXFileReference; lastKnownFileType = sourcecode.swift; path = globalModel.swift; sourceTree = "<group>"; };
		A4D5F7001F908C9B00CDABAE /* dataSource.swift */ = {isa = PBXFileReference; lastKnownFileType = sourcecode.swift; path = dataSource.swift; sourceTree = "<group>"; };
		A4D5F7021F908EF200CDABAE /* FistDemoModel.swift */ = {isa = PBXFileReference; lastKnownFileType = sourcecode.swift; path = FistDemoModel.swift; sourceTree = "<group>"; };
		A4D5F7051F90950900CDABAE /* protocols.swift */ = {isa = PBXFileReference; lastKnownFileType = sourcecode.swift; path = protocols.swift; sourceTree = "<group>"; };
/* End PBXFileReference section */

/* Begin PBXFrameworksBuildPhase section */
		A42C789F1F8F5736006785F3 /* Frameworks */ = {
			isa = PBXFrameworksBuildPhase;
			buildActionMask = 2147483647;
			files = (
			);
			runOnlyForDeploymentPostprocessing = 0;
		};
		A42C78B31F8F5736006785F3 /* Frameworks */ = {
			isa = PBXFrameworksBuildPhase;
			buildActionMask = 2147483647;
			files = (
			);
			runOnlyForDeploymentPostprocessing = 0;
		};
		A42C78BE1F8F5736006785F3 /* Frameworks */ = {
			isa = PBXFrameworksBuildPhase;
			buildActionMask = 2147483647;
			files = (
			);
			runOnlyForDeploymentPostprocessing = 0;
		};
/* End PBXFrameworksBuildPhase section */

/* Begin PBXGroup section */
		A42C78991F8F5736006785F3 = {
			isa = PBXGroup;
			children = (
				A42C78A41F8F5736006785F3 /* ProtocolCodingDemo */,
				A42C78B91F8F5736006785F3 /* ProtocolCodingDemoTests */,
				A42C78C41F8F5736006785F3 /* ProtocolCodingDemoUITests */,
				A42C78A31F8F5736006785F3 /* Products */,
			);
			sourceTree = "<group>";
		};
		A42C78A31F8F5736006785F3 /* Products */ = {
			isa = PBXGroup;
			children = (
				A42C78A21F8F5736006785F3 /* ProtocolCodingDemo.app */,
				A42C78B61F8F5736006785F3 /* ProtocolCodingDemoTests.xctest */,
				A42C78C11F8F5736006785F3 /* ProtocolCodingDemoUITests.xctest */,
			);
			name = Products;
			sourceTree = "<group>";
		};
		A42C78A41F8F5736006785F3 /* ProtocolCodingDemo */ = {
			isa = PBXGroup;
			children = (
				A42C78A51F8F5736006785F3 /* AppDelegate.swift */,
				A42C78A71F8F5736006785F3 /* ViewController.swift */,
				A42C78A91F8F5736006785F3 /* Main.storyboard */,
				A4D5F7041F9093E300CDABAE /* Protocols */,
				A4D5F6EC1F9065DE00CDABAE /* Model */,
				A4D5F6EB1F9065DE00CDABAE /* View */,
				A4D5F6ED1F9065DE00CDABAE /* ViewController */,
				A42C78AC1F8F5736006785F3 /* Assets.xcassets */,
				A42C78AE1F8F5736006785F3 /* LaunchScreen.storyboard */,
				A42C78B11F8F5736006785F3 /* Info.plist */,
			);
			path = ProtocolCodingDemo;
			sourceTree = "<group>";
		};
		A42C78B91F8F5736006785F3 /* ProtocolCodingDemoTests */ = {
			isa = PBXGroup;
			children = (
				A42C78BA1F8F5736006785F3 /* ProtocolCodingDemoTests.swift */,
				A42C78BC1F8F5736006785F3 /* Info.plist */,
			);
			path = ProtocolCodingDemoTests;
			sourceTree = "<group>";
		};
		A42C78C41F8F5736006785F3 /* ProtocolCodingDemoUITests */ = {
			isa = PBXGroup;
			children = (
				A42C78C51F8F5736006785F3 /* ProtocolCodingDemoUITests.swift */,
				A42C78C71F8F5736006785F3 /* Info.plist */,
			);
			path = ProtocolCodingDemoUITests;
			sourceTree = "<group>";
		};
		A4D5F6EB1F9065DE00CDABAE /* View */ = {
			isa = PBXGroup;
			children = (
				A4D5F6F41F90674200CDABAE /* NormalTableViewCell.swift */,
				A4D5F6FC1F906A9600CDABAE /* CollectViewCell.swift */,
				A4D5F6F81F90695B00CDABAE /* HeaderTableViewCell.swift */,
				A4D5F6FA1F90698300CDABAE /* ThirdNormalTableViewCell.swift */,
			);
			path = View;
			sourceTree = "<group>";
		};
		A4D5F6EC1F9065DE00CDABAE /* Model */ = {
			isa = PBXGroup;
			children = (
				A4D5F6FE1F906F2800CDABAE /* globalModel.swift */,
				A4D5F7001F908C9B00CDABAE /* dataSource.swift */,
				A4D5F7021F908EF200CDABAE /* FistDemoModel.swift */,
			);
			path = Model;
			sourceTree = "<group>";
		};
		A4D5F6ED1F9065DE00CDABAE /* ViewController */ = {
			isa = PBXGroup;
			children = (
				A4D5F6EE1F9066CE00CDABAE /* NormalViewController.swift */,
				A4D5F6F01F9066DB00CDABAE /* CollectViewController.swift */,
				A4D5F6F21F9066E900CDABAE /* HeaderMixViewController.swift */,
			);
			path = ViewController;
			sourceTree = "<group>";
		};
		A4D5F7041F9093E300CDABAE /* Protocols */ = {
			isa = PBXGroup;
			children = (
				A4D5F7051F90950900CDABAE /* protocols.swift */,
			);
			path = Protocols;
			sourceTree = "<group>";
		};
/* End PBXGroup section */

/* Begin PBXNativeTarget section */
		A42C78A11F8F5736006785F3 /* ProtocolCodingDemo */ = {
			isa = PBXNativeTarget;
			buildConfigurationList = A42C78CA1F8F5736006785F3 /* Build configuration list for PBXNativeTarget "ProtocolCodingDemo" */;
			buildPhases = (
				A42C789E1F8F5736006785F3 /* Sources */,
				A42C789F1F8F5736006785F3 /* Frameworks */,
				A42C78A01F8F5736006785F3 /* Resources */,
			);
			buildRules = (
			);
			dependencies = (
			);
			name = ProtocolCodingDemo;
			productName = ProtocolCodingDemo;
			productReference = A42C78A21F8F5736006785F3 /* ProtocolCodingDemo.app */;
			productType = "com.apple.product-type.application";
		};
		A42C78B51F8F5736006785F3 /* ProtocolCodingDemoTests */ = {
			isa = PBXNativeTarget;
			buildConfigurationList = A42C78CD1F8F5736006785F3 /* Build configuration list for PBXNativeTarget "ProtocolCodingDemoTests" */;
			buildPhases = (
				A42C78B21F8F5736006785F3 /* Sources */,
				A42C78B31F8F5736006785F3 /* Frameworks */,
				A42C78B41F8F5736006785F3 /* Resources */,
			);
			buildRules = (
			);
			dependencies = (
				A42C78B81F8F5736006785F3 /* PBXTargetDependency */,
			);
			name = ProtocolCodingDemoTests;
			productName = ProtocolCodingDemoTests;
			productReference = A42C78B61F8F5736006785F3 /* ProtocolCodingDemoTests.xctest */;
			productType = "com.apple.product-type.bundle.unit-test";
		};
		A42C78C01F8F5736006785F3 /* ProtocolCodingDemoUITests */ = {
			isa = PBXNativeTarget;
			buildConfigurationList = A42C78D01F8F5736006785F3 /* Build configuration list for PBXNativeTarget "ProtocolCodingDemoUITests" */;
			buildPhases = (
				A42C78BD1F8F5736006785F3 /* Sources */,
				A42C78BE1F8F5736006785F3 /* Frameworks */,
				A42C78BF1F8F5736006785F3 /* Resources */,
			);
			buildRules = (
			);
			dependencies = (
				A42C78C31F8F5736006785F3 /* PBXTargetDependency */,
			);
			name = ProtocolCodingDemoUITests;
			productName = ProtocolCodingDemoUITests;
			productReference = A42C78C11F8F5736006785F3 /* ProtocolCodingDemoUITests.xctest */;
			productType = "com.apple.product-type.bundle.ui-testing";
		};
/* End PBXNativeTarget section */

/* Begin PBXProject section */
		A42C789A1F8F5736006785F3 /* Project object */ = {
			isa = PBXProject;
			attributes = {
				LastSwiftUpdateCheck = 0900;
				LastUpgradeCheck = 0900;
				ORGANIZATIONNAME = tuikai;
				TargetAttributes = {
					A42C78A11F8F5736006785F3 = {
						CreatedOnToolsVersion = 9.0;
						ProvisioningStyle = Automatic;
					};
					A42C78B51F8F5736006785F3 = {
						CreatedOnToolsVersion = 9.0;
						ProvisioningStyle = Automatic;
						TestTargetID = A42C78A11F8F5736006785F3;
					};
					A42C78C01F8F5736006785F3 = {
						CreatedOnToolsVersion = 9.0;
						ProvisioningStyle = Automatic;
						TestTargetID = A42C78A11F8F5736006785F3;
					};
				};
			};
			buildConfigurationList = A42C789D1F8F5736006785F3 /* Build configuration list for PBXProject "ProtocolCodingDemo" */;
			compatibilityVersion = "Xcode 8.0";
			developmentRegion = en;
			hasScannedForEncodings = 0;
			knownRegions = (
				en,
				Base,
			);
			mainGroup = A42C78991F8F5736006785F3;
			productRefGroup = A42C78A31F8F5736006785F3 /* Products */;
			projectDirPath = "";
			projectRoot = "";
			targets = (
				A42C78A11F8F5736006785F3 /* ProtocolCodingDemo */,
				A42C78B51F8F5736006785F3 /* ProtocolCodingDemoTests */,
				A42C78C01F8F5736006785F3 /* ProtocolCodingDemoUITests */,
			);
		};
/* End PBXProject section */

/* Begin PBXResourcesBuildPhase section */
		A42C78A01F8F5736006785F3 /* Resources */ = {
			isa = PBXResourcesBuildPhase;
			buildActionMask = 2147483647;
			files = (
				A42C78B01F8F5736006785F3 /* LaunchScreen.storyboard in Resources */,
				A42C78AD1F8F5736006785F3 /* Assets.xcassets in Resources */,
				A42C78AB1F8F5736006785F3 /* Main.storyboard in Resources */,
			);
			runOnlyForDeploymentPostprocessing = 0;
		};
		A42C78B41F8F5736006785F3 /* Resources */ = {
			isa = PBXResourcesBuildPhase;
			buildActionMask = 2147483647;
			files = (
			);
			runOnlyForDeploymentPostprocessing = 0;
		};
		A42C78BF1F8F5736006785F3 /* Resources */ = {
			isa = PBXResourcesBuildPhase;
			buildActionMask = 2147483647;
			files = (
			);
			runOnlyForDeploymentPostprocessing = 0;
		};
/* End PBXResourcesBuildPhase section */

/* Begin PBXSourcesBuildPhase section */
		A42C789E1F8F5736006785F3 /* Sources */ = {
			isa = PBXSourcesBuildPhase;
			buildActionMask = 2147483647;
			files = (
				A4D5F6F91F90695B00CDABAE /* HeaderTableViewCell.swift in Sources */,
				A42C78A81F8F5736006785F3 /* ViewController.swift in Sources */,
				A4D5F6FB1F90698300CDABAE /* ThirdNormalTableViewCell.swift in Sources */,
				A4D5F6F31F9066E900CDABAE /* HeaderMixViewController.swift in Sources */,
				A4D5F6EF1F9066CE00CDABAE /* NormalViewController.swift in Sources */,
				A4D5F6FF1F906F2800CDABAE /* globalModel.swift in Sources */,
				A42C78A61F8F5736006785F3 /* AppDelegate.swift in Sources */,
				A4D5F6FD1F906A9600CDABAE /* CollectViewCell.swift in Sources */,
				A4D5F7061F90950900CDABAE /* protocols.swift in Sources */,
				A4D5F6F51F90674200CDABAE /* NormalTableViewCell.swift in Sources */,
				A4D5F7011F908C9B00CDABAE /* dataSource.swift in Sources */,
				A4D5F7031F908EF200CDABAE /* FistDemoModel.swift in Sources */,
				A4D5F6F11F9066DB00CDABAE /* CollectViewController.swift in Sources */,
			);
			runOnlyForDeploymentPostprocessing = 0;
		};
		A42C78B21F8F5736006785F3 /* Sources */ = {
			isa = PBXSourcesBuildPhase;
			buildActionMask = 2147483647;
			files = (
				A42C78BB1F8F5736006785F3 /* ProtocolCodingDemoTests.swift in Sources */,
			);
			runOnlyForDeploymentPostprocessing = 0;
		};
		A42C78BD1F8F5736006785F3 /* Sources */ = {
			isa = PBXSourcesBuildPhase;
			buildActionMask = 2147483647;
			files = (
				A42C78C61F8F5736006785F3 /* ProtocolCodingDemoUITests.swift in Sources */,
			);
			runOnlyForDeploymentPostprocessing = 0;
		};
/* End PBXSourcesBuildPhase section */

/* Begin PBXTargetDependency section */
		A42C78B81F8F5736006785F3 /* PBXTargetDependency */ = {
			isa = PBXTargetDependency;
			target = A42C78A11F8F5736006785F3 /* ProtocolCodingDemo */;
			targetProxy = A42C78B71F8F5736006785F3 /* PBXContainerItemProxy */;
		};
		A42C78C31F8F5736006785F3 /* PBXTargetDependency */ = {
			isa = PBXTargetDependency;
			target = A42C78A11F8F5736006785F3 /* ProtocolCodingDemo */;
			targetProxy = A42C78C21F8F5736006785F3 /* PBXContainerItemProxy */;
		};
/* End PBXTargetDependency section */

/* Begin PBXVariantGroup section */
		A42C78A91F8F5736006785F3 /* Main.storyboard */ = {
			isa = PBXVariantGroup;
			children = (
				A42C78AA1F8F5736006785F3 /* Base */,
			);
			name = Main.storyboard;
			sourceTree = "<group>";
		};
		A42C78AE1F8F5736006785F3 /* LaunchScreen.storyboard */ = {
			isa = PBXVariantGroup;
			children = (
				A42C78AF1F8F5736006785F3 /* Base */,
			);
			name = LaunchScreen.storyboard;
			sourceTree = "<group>";
		};
/* End PBXVariantGroup section */

/* Begin XCBuildConfiguration section */
		A42C78C81F8F5736006785F3 /* Debug */ = {
			isa = XCBuildConfiguration;
			buildSettings = {
				ALWAYS_SEARCH_USER_PATHS = NO;
				CLANG_ANALYZER_NONNULL = YES;
				CLANG_ANALYZER_NUMBER_OBJECT_CONVERSION = YES_AGGRESSIVE;
				CLANG_CXX_LANGUAGE_STANDARD = "gnu++14";
				CLANG_CXX_LIBRARY = "libc++";
				CLANG_ENABLE_MODULES = YES;
				CLANG_ENABLE_OBJC_ARC = YES;
				CLANG_WARN_BLOCK_CAPTURE_AUTORELEASING = YES;
				CLANG_WARN_BOOL_CONVERSION = YES;
				CLANG_WARN_COMMA = YES;
				CLANG_WARN_CONSTANT_CONVERSION = YES;
				CLANG_WARN_DIRECT_OBJC_ISA_USAGE = YES_ERROR;
				CLANG_WARN_DOCUMENTATION_COMMENTS = YES;
				CLANG_WARN_EMPTY_BODY = YES;
				CLANG_WARN_ENUM_CONVERSION = YES;
				CLANG_WARN_INFINITE_RECURSION = YES;
				CLANG_WARN_INT_CONVERSION = YES;
				CLANG_WARN_NON_LITERAL_NULL_CONVERSION = YES;
				CLANG_WARN_OBJC_LITERAL_CONVERSION = YES;
				CLANG_WARN_OBJC_ROOT_CLASS = YES_ERROR;
				CLANG_WARN_RANGE_LOOP_ANALYSIS = YES;
				CLANG_WARN_STRICT_PROTOTYPES = YES;
				CLANG_WARN_SUSPICIOUS_MOVE = YES;
				CLANG_WARN_UNGUARDED_AVAILABILITY = YES_AGGRESSIVE;
				CLANG_WARN_UNREACHABLE_CODE = YES;
				CLANG_WARN__DUPLICATE_METHOD_MATCH = YES;
				CODE_SIGN_IDENTITY = "iPhone Developer";
				COPY_PHASE_STRIP = NO;
				DEBUG_INFORMATION_FORMAT = dwarf;
				ENABLE_STRICT_OBJC_MSGSEND = YES;
				ENABLE_TESTABILITY = YES;
				GCC_C_LANGUAGE_STANDARD = gnu11;
				GCC_DYNAMIC_NO_PIC = NO;
				GCC_NO_COMMON_BLOCKS = YES;
				GCC_OPTIMIZATION_LEVEL = 0;
				GCC_PREPROCESSOR_DEFINITIONS = (
					"DEBUG=1",
					"$(inherited)",
				);
				GCC_WARN_64_TO_32_BIT_CONVERSION = YES;
				GCC_WARN_ABOUT_RETURN_TYPE = YES_ERROR;
				GCC_WARN_UNDECLARED_SELECTOR = YES;
				GCC_WARN_UNINITIALIZED_AUTOS = YES_AGGRESSIVE;
				GCC_WARN_UNUSED_FUNCTION = YES;
				GCC_WARN_UNUSED_VARIABLE = YES;
				IPHONEOS_DEPLOYMENT_TARGET = 11.0;
				MTL_ENABLE_DEBUG_INFO = YES;
				ONLY_ACTIVE_ARCH = YES;
				SDKROOT = iphoneos;
				SWIFT_ACTIVE_COMPILATION_CONDITIONS = DEBUG;
				SWIFT_OPTIMIZATION_LEVEL = "-Onone";
			};
			name = Debug;
		};
		A42C78C91F8F5736006785F3 /* Release */ = {
			isa = XCBuildConfiguration;
			buildSettings = {
				ALWAYS_SEARCH_USER_PATHS = NO;
				CLANG_ANALYZER_NONNULL = YES;
				CLANG_ANALYZER_NUMBER_OBJECT_CONVERSION = YES_AGGRESSIVE;
				CLANG_CXX_LANGUAGE_STANDARD = "gnu++14";
				CLANG_CXX_LIBRARY = "libc++";
				CLANG_ENABLE_MODULES = YES;
				CLANG_ENABLE_OBJC_ARC = YES;
				CLANG_WARN_BLOCK_CAPTURE_AUTORELEASING = YES;
				CLANG_WARN_BOOL_CONVERSION = YES;
				CLANG_WARN_COMMA = YES;
				CLANG_WARN_CONSTANT_CONVERSION = YES;
				CLANG_WARN_DIRECT_OBJC_ISA_USAGE = YES_ERROR;
				CLANG_WARN_DOCUMENTATION_COMMENTS = YES;
				CLANG_WARN_EMPTY_BODY = YES;
				CLANG_WARN_ENUM_CONVERSION = YES;
				CLANG_WARN_INFINITE_RECURSION = YES;
				CLANG_WARN_INT_CONVERSION = YES;
				CLANG_WARN_NON_LITERAL_NULL_CONVERSION = YES;
				CLANG_WARN_OBJC_LITERAL_CONVERSION = YES;
				CLANG_WARN_OBJC_ROOT_CLASS = YES_ERROR;
				CLANG_WARN_RANGE_LOOP_ANALYSIS = YES;
				CLANG_WARN_STRICT_PROTOTYPES = YES;
				CLANG_WARN_SUSPICIOUS_MOVE = YES;
				CLANG_WARN_UNGUARDED_AVAILABILITY = YES_AGGRESSIVE;
				CLANG_WARN_UNREACHABLE_CODE = YES;
				CLANG_WARN__DUPLICATE_METHOD_MATCH = YES;
				CODE_SIGN_IDENTITY = "iPhone Developer";
				COPY_PHASE_STRIP = NO;
				DEBUG_INFORMATION_FORMAT = "dwarf-with-dsym";
				ENABLE_NS_ASSERTIONS = NO;
				ENABLE_STRICT_OBJC_MSGSEND = YES;
				GCC_C_LANGUAGE_STANDARD = gnu11;
				GCC_NO_COMMON_BLOCKS = YES;
				GCC_WARN_64_TO_32_BIT_CONVERSION = YES;
				GCC_WARN_ABOUT_RETURN_TYPE = YES_ERROR;
				GCC_WARN_UNDECLARED_SELECTOR = YES;
				GCC_WARN_UNINITIALIZED_AUTOS = YES_AGGRESSIVE;
				GCC_WARN_UNUSED_FUNCTION = YES;
				GCC_WARN_UNUSED_VARIABLE = YES;
				IPHONEOS_DEPLOYMENT_TARGET = 11.0;
				MTL_ENABLE_DEBUG_INFO = NO;
				SDKROOT = iphoneos;
				SWIFT_OPTIMIZATION_LEVEL = "-Owholemodule";
				VALIDATE_PRODUCT = YES;
			};
			name = Release;
		};
		A42C78CB1F8F5736006785F3 /* Debug */ = {
			isa = XCBuildConfiguration;
			buildSettings = {
				ASSETCATALOG_COMPILER_APPICON_NAME = AppIcon;
				CODE_SIGN_STYLE = Automatic;
				DEVELOPMENT_TEAM = C455ZTXVSX;
				INFOPLIST_FILE = ProtocolCodingDemo/Info.plist;
				LD_RUNPATH_SEARCH_PATHS = "$(inherited) @executable_path/Frameworks";
				PRODUCT_BUNDLE_IDENTIFIER = com.chtfund.HTRichGo.ProtocolCodingDemo;
				PRODUCT_NAME = "$(TARGET_NAME)";
				SWIFT_VERSION = 4.0;
				TARGETED_DEVICE_FAMILY = "1,2";
			};
			name = Debug;
		};
		A42C78CC1F8F5736006785F3 /* Release */ = {
			isa = XCBuildConfiguration;
			buildSettings = {
				ASSETCATALOG_COMPILER_APPICON_NAME = AppIcon;
				CODE_SIGN_STYLE = Automatic;
				DEVELOPMENT_TEAM = C455ZTXVSX;
				INFOPLIST_FILE = ProtocolCodingDemo/Info.plist;
				LD_RUNPATH_SEARCH_PATHS = "$(inherited) @executable_path/Frameworks";
				PRODUCT_BUNDLE_IDENTIFIER = com.chtfund.HTRichGo.ProtocolCodingDemo;
				PRODUCT_NAME = "$(TARGET_NAME)";
				SWIFT_VERSION = 4.0;
				TARGETED_DEVICE_FAMILY = "1,2";
			};
			name = Release;
		};
		A42C78CE1F8F5736006785F3 /* Debug */ = {
			isa = XCBuildConfiguration;
			buildSettings = {
				ALWAYS_EMBED_SWIFT_STANDARD_LIBRARIES = YES;
				BUNDLE_LOADER = "$(TEST_HOST)";
				CODE_SIGN_STYLE = Automatic;
				DEVELOPMENT_TEAM = C455ZTXVSX;
				INFOPLIST_FILE = ProtocolCodingDemoTests/Info.plist;
				LD_RUNPATH_SEARCH_PATHS = "$(inherited) @executable_path/Frameworks @loader_path/Frameworks";
				PRODUCT_BUNDLE_IDENTIFIER = com.chtfund.HTRichGo.ProtocolCodingDemoTests;
				PRODUCT_NAME = "$(TARGET_NAME)";
				SWIFT_VERSION = 4.0;
				TARGETED_DEVICE_FAMILY = "1,2";
				TEST_HOST = "$(BUILT_PRODUCTS_DIR)/ProtocolCodingDemo.app/ProtocolCodingDemo";
			};
			name = Debug;
		};
		A42C78CF1F8F5736006785F3 /* Release */ = {
			isa = XCBuildConfiguration;
			buildSettings = {
				ALWAYS_EMBED_SWIFT_STANDARD_LIBRARIES = YES;
				BUNDLE_LOADER = "$(TEST_HOST)";
				CODE_SIGN_STYLE = Automatic;
				DEVELOPMENT_TEAM = C455ZTXVSX;
				INFOPLIST_FILE = ProtocolCodingDemoTests/Info.plist;
				LD_RUNPATH_SEARCH_PATHS = "$(inherited) @executable_path/Frameworks @loader_path/Frameworks";
				PRODUCT_BUNDLE_IDENTIFIER = com.chtfund.HTRichGo.ProtocolCodingDemoTests;
				PRODUCT_NAME = "$(TARGET_NAME)";
				SWIFT_VERSION = 4.0;
				TARGETED_DEVICE_FAMILY = "1,2";
				TEST_HOST = "$(BUILT_PRODUCTS_DIR)/ProtocolCodingDemo.app/ProtocolCodingDemo";
			};
			name = Release;
		};
		A42C78D11F8F5736006785F3 /* Debug */ = {
			isa = XCBuildConfiguration;
			buildSettings = {
				ALWAYS_EMBED_SWIFT_STANDARD_LIBRARIES = YES;
				CODE_SIGN_STYLE = Automatic;
				DEVELOPMENT_TEAM = C455ZTXVSX;
				INFOPLIST_FILE = ProtocolCodingDemoUITests/Info.plist;
				LD_RUNPATH_SEARCH_PATHS = "$(inherited) @executable_path/Frameworks @loader_path/Frameworks";
				PRODUCT_BUNDLE_IDENTIFIER = com.chtfund.HTRichGo.ProtocolCodingDemoUITests;
				PRODUCT_NAME = "$(TARGET_NAME)";
				SWIFT_VERSION = 4.0;
				TARGETED_DEVICE_FAMILY = "1,2";
				TEST_TARGET_NAME = ProtocolCodingDemo;
			};
			name = Debug;
		};
		A42C78D21F8F5736006785F3 /* Release */ = {
			isa = XCBuildConfiguration;
			buildSettings = {
				ALWAYS_EMBED_SWIFT_STANDARD_LIBRARIES = YES;
				CODE_SIGN_STYLE = Automatic;
				DEVELOPMENT_TEAM = C455ZTXVSX;
				INFOPLIST_FILE = ProtocolCodingDemoUITests/Info.plist;
				LD_RUNPATH_SEARCH_PATHS = "$(inherited) @executable_path/Frameworks @loader_path/Frameworks";
				PRODUCT_BUNDLE_IDENTIFIER = com.chtfund.HTRichGo.ProtocolCodingDemoUITests;
				PRODUCT_NAME = "$(TARGET_NAME)";
				SWIFT_VERSION = 4.0;
				TARGETED_DEVICE_FAMILY = "1,2";
				TEST_TARGET_NAME = ProtocolCodingDemo;
			};
			name = Release;
		};
/* End XCBuildConfiguration section */

/* Begin XCConfigurationList section */
		A42C789D1F8F5736006785F3 /* Build configuration list for PBXProject "ProtocolCodingDemo" */ = {
			isa = XCConfigurationList;
			buildConfigurations = (
				A42C78C81F8F5736006785F3 /* Debug */,
				A42C78C91F8F5736006785F3 /* Release */,
			);
			defaultConfigurationIsVisible = 0;
			defaultConfigurationName = Release;
		};
		A42C78CA1F8F5736006785F3 /* Build configuration list for PBXNativeTarget "ProtocolCodingDemo" */ = {
			isa = XCConfigurationList;
			buildConfigurations = (
				A42C78CB1F8F5736006785F3 /* Debug */,
				A42C78CC1F8F5736006785F3 /* Release */,
			);
			defaultConfigurationIsVisible = 0;
			defaultConfigurationName = Release;
		};
		A42C78CD1F8F5736006785F3 /* Build configuration list for PBXNativeTarget "ProtocolCodingDemoTests" */ = {
			isa = XCConfigurationList;
			buildConfigurations = (
				A42C78CE1F8F5736006785F3 /* Debug */,
				A42C78CF1F8F5736006785F3 /* Release */,
			);
			defaultConfigurationIsVisible = 0;
			defaultConfigurationName = Release;
		};
		A42C78D01F8F5736006785F3 /* Build configuration list for PBXNativeTarget "ProtocolCodingDemoUITests" */ = {
			isa = XCConfigurationList;
			buildConfigurations = (
				A42C78D11F8F5736006785F3 /* Debug */,
				A42C78D21F8F5736006785F3 /* Release */,
			);
			defaultConfigurationIsVisible = 0;
			defaultConfigurationName = Release;
		};
/* End XCConfigurationList section */
	};
	rootObject = A42C789A1F8F5736006785F3 /* Project object */;
}
